
Microsoft Visual Studio Solution File, Format Version 12.00
# Visual Studio Version 17
VisualStudioVersion = 17.14.36301.6
MinimumVisualStudioVersion = 10.0.40219.1
Project("{8BC9CEB8-8B4A-11D0-8D11-00A0C91BC942}") = "amd_hv", "amd_hv\amd_hv.vcxproj", "{118E24D6-E751-EECA-1547-D3656B03BFAB}"
EndProject
Project("{8BC9CEB8-8B4A-11D0-8D11-00A0C91BC942}") = "usermode_test", "usermode_test\usermode_test.vcxproj", "{71945CC9-357B-4035-9001-3DC3FD566CC2}"
EndProject
Global
	GlobalSection(SolutionConfigurationPlatforms) = preSolution
		Debug|ARM64 = Debug|ARM64
		Debug|x64 = Debug|x64
		Release|ARM64 = Release|ARM64
		Release|x64 = Release|x64
	EndGlobalSection
	GlobalSection(ProjectConfigurationPlatforms) = postSolution
		{118E24D6-E751-EECA-1547-D3656B03BFAB}.Debug|ARM64.ActiveCfg = Debug|ARM64
		{118E24D6-E751-EECA-1547-D3656B03BFAB}.Debug|ARM64.Build.0 = Debug|ARM64
		{118E24D6-E751-EECA-1547-D3656B03BFAB}.Debug|ARM64.Deploy.0 = Debug|ARM64
		{118E24D6-E751-EECA-1547-D3656B03BFAB}.Debug|x64.ActiveCfg = Debug|x64
		{118E24D6-E751-EECA-1547-D3656B03BFAB}.Debug|x64.Build.0 = Debug|x64
		{118E24D6-E751-EECA-1547-D3656B03BFAB}.Debug|x64.Deploy.0 = Debug|x64
		{118E24D6-E751-EECA-1547-D3656B03BFAB}.Release|ARM64.ActiveCfg = Release|ARM64
		{118E24D6-E751-EECA-1547-D3656B03BFAB}.Release|ARM64.Build.0 = Release|ARM64
		{118E24D6-E751-EECA-1547-D3656B03BFAB}.Release|ARM64.Deploy.0 = Release|ARM64
		{118E24D6-E751-EECA-1547-D3656B03BFAB}.Release|x64.ActiveCfg = Release|x64
		{118E24D6-E751-EECA-1547-D3656B03BFAB}.Release|x64.Build.0 = Release|x64
		{118E24D6-E751-EECA-1547-D3656B03BFAB}.Release|x64.Deploy.0 = Release|x64
		{71945CC9-357B-4035-9001-3DC3FD566CC2}.Debug|ARM64.ActiveCfg = Debug|x64
		{71945CC9-357B-4035-9001-3DC3FD566CC2}.Debug|ARM64.Build.0 = Debug|x64
		{71945CC9-357B-4035-9001-3DC3FD566CC2}.Debug|x64.ActiveCfg = Debug|x64
		{71945CC9-357B-4035-9001-3DC3FD566CC2}.Debug|x64.Build.0 = Debug|x64
		{71945CC9-357B-4035-9001-3DC3FD566CC2}.Release|ARM64.ActiveCfg = Release|x64
		{71945CC9-357B-4035-9001-3DC3FD566CC2}.Release|ARM64.Build.0 = Release|x64
		{71945CC9-357B-4035-9001-3DC3FD566CC2}.Release|x64.ActiveCfg = Release|x64
		{71945CC9-357B-4035-9001-3DC3FD566CC2}.Release|x64.Build.0 = Release|x64
	EndGlobalSection
	GlobalSection(SolutionProperties) = preSolution
		HideSolutionNode = FALSE
	EndGlobalSection
	GlobalSection(ExtensibilityGlobals) = postSolution
		SolutionGuid = {ECF3B4F2-2845-4331-AC52-FE3F54CBBF26}
	EndGlobalSection
EndGlobal
